
Microsoft Visual Studio Solution File, Format Version 12.00
# Visual Studio Version 17
VisualStudioVersion = 17.1.32407.343
MinimumVisualStudioVersion = 10.0.40219.1
Project("{8BC9CEB8-8B4A-11D0-8D11-00A0C91BC942}") = "Z10", "Z10\Z10.vcxproj", "{26BD4BE5-B946-47A3-BFCE-FACE7986A350}"
EndProject
Global
	GlobalSection(SolutionConfigurationPlatforms) = preSolution
		Debug|x64 = Debug|x64
		Debug|x86 = Debug|x86
		Release|x64 = Release|x64
		Release|x86 = Release|x86
	EndGlobalSection
	GlobalSection(ProjectConfigurationPlatforms) = postSolution
		{26BD4BE5-B946-47A3-BFCE-FACE7986A350}.Debug|x64.ActiveCfg = Debug|x64
		{26BD4BE5-B946-47A3-BFCE-FACE7986A350}.Debug|x64.Build.0 = Debug|x64
		{26BD4BE5-B946-47A3-BFCE-FACE7986A350}.Debug|x86.ActiveCfg = Debug|Win32
		{26BD4BE5-B946-47A3-BFCE-FACE7986A350}.Debug|x86.Build.0 = Debug|Win32
		{26BD4BE5-B946-47A3-BFCE-FACE7986A350}.Release|x64.ActiveCfg = Release|x64
		{26BD4BE5-B946-47A3-BFCE-FACE7986A350}.Release|x64.Build.0 = Release|x64
		{26BD4BE5-B946-47A3-BFCE-FACE7986A350}.Release|x86.ActiveCfg = Release|Win32
		{26BD4BE5-B946-47A3-BFCE-FACE7986A350}.Release|x86.Build.0 = Release|Win32
	EndGlobalSection
	GlobalSection(SolutionProperties) = preSolution
		HideSolutionNode = FALSE
	EndGlobalSection
	GlobalSection(ExtensibilityGlobals) = postSolution
		SolutionGuid = {5659C837-74A2-4C11-A207-0EA1D013B179}
	EndGlobalSection
EndGlobal
